
Microsoft Visual Studio Solution File, Format Version 12.00
# Visual Studio Version 17
VisualStudioVersion = 17.2.32422.2
MinimumVisualStudioVersion = 10.0.40219.1
Project("{FAE04EC0-301F-11D3-BF4B-00C04F79EFBC}") = "LinqVsLambdaPerformanceBenchmark", "LinqVsLambdaPerformanceBenchmark\LinqVsLambdaPerformanceBenchmark.csproj", "{4E902095-6BCE-4D52-9113-C8CAC3CEC42D}"
EndProject
Global
	GlobalSection(SolutionConfigurationPlatforms) = preSolution
		Debug|Any CPU = Debug|Any CPU
		Release|Any CPU = Release|Any CPU
	EndGlobalSection
	GlobalSection(ProjectConfigurationPlatforms) = postSolution
		{4E902095-6BCE-4D52-9113-C8CAC3CEC42D}.Debug|Any CPU.ActiveCfg = Debug|Any CPU
		{4E902095-6BCE-4D52-9113-C8CAC3CEC42D}.Debug|Any CPU.Build.0 = Debug|Any CPU
		{4E902095-6BCE-4D52-9113-C8CAC3CEC42D}.Release|Any CPU.ActiveCfg = Release|Any CPU
		{4E902095-6BCE-4D52-9113-C8CAC3CEC42D}.Release|Any CPU.Build.0 = Release|Any CPU
	EndGlobalSection
	GlobalSection(SolutionProperties) = preSolution
		HideSolutionNode = FALSE
	EndGlobalSection
	GlobalSection(ExtensibilityGlobals) = postSolution
		SolutionGuid = {0D44FE7D-8D32-4747-BFC3-C53340675371}
	EndGlobalSection
EndGlobal
